
Microsoft Visual Studio Solution File, Format Version 12.00
# Visual Studio 15
VisualStudioVersion = 15.0.28307.421
MinimumVisualStudioVersion = 10.0.40219.1
Project("{FAE04EC0-301F-11D3-BF4B-00C04F79EFBC}") = "mvc-vue-ts", "mvc-vue-ts\mvc-vue-ts.csproj", "{D5003124-406A-4345-BDC1-66268381D291}"
EndProject
Global
	GlobalSection(SolutionConfigurationPlatforms) = preSolution
		Debug|Any CPU = Debug|Any CPU
		Release|Any CPU = Release|Any CPU
	EndGlobalSection
	GlobalSection(ProjectConfigurationPlatforms) = postSolution
		{D5003124-406A-4345-BDC1-66268381D291}.Debug|Any CPU.ActiveCfg = Debug|Any CPU
		{D5003124-406A-4345-BDC1-66268381D291}.Debug|Any CPU.Build.0 = Debug|Any CPU
		{D5003124-406A-4345-BDC1-66268381D291}.Release|Any CPU.ActiveCfg = Release|Any CPU
		{D5003124-406A-4345-BDC1-66268381D291}.Release|Any CPU.Build.0 = Release|Any CPU
	EndGlobalSection
	GlobalSection(SolutionProperties) = preSolution
		HideSolutionNode = FALSE
	EndGlobalSection
	GlobalSection(ExtensibilityGlobals) = postSolution
		SolutionGuid = {999AB0D8-59B8-4DD3-B0DD-C46DD7FCA392}
	EndGlobalSection
EndGlobal
